
Microsoft Visual Studio Solution File, Format Version 12.00
# Visual Studio 15
Project("{FAE04EC0-301F-11D3-BF4B-00C04F79EFBC}") = "Strategy", "Strategy\Strategy.csproj", "{BC935C34-DE61-45A1-8EBE-792DC9E83D30}"
EndProject
Global
	GlobalSection(SolutionConfigurationPlatforms) = preSolution
		Debug|anycpu = Debug|anycpu
		Release|anycpu = Release|anycpu
	EndGlobalSection
	GlobalSection(ProjectConfigurationPlatforms) = postSolution
		{BC935C34-DE61-45A1-8EBE-792DC9E83D30}.Debug|anycpu.ActiveCfg = Debug|anycpu
		{BC935C34-DE61-45A1-8EBE-792DC9E83D30}.Debug|anycpu.Build.0 = Debug|anycpu
		{BC935C34-DE61-45A1-8EBE-792DC9E83D30}.Release|anycpu.ActiveCfg = Release|anycpu
		{BC935C34-DE61-45A1-8EBE-792DC9E83D30}.Release|anycpu.Build.0 = Release|anycpu
	EndGlobalSection
EndGlobal
